{
  "version": 4,
  "terraform_version": "1.3.4",
  "serial": 9,
  "lineage": "05f7f6da-c601-fc7b-de69-68c4f1919dd5",
  "outputs": {
    "control_plane_ip": {
      "value": "10.71.44.61",
      "type": "string"
    },
    "public_gateway_ip": {
      "value": "163.172.134.25",
      "type": "string"
    },
    "worker_ips": {
      "value": [
        "10.74.116.55",
        "10.69.30.29"
      ],
      "type": [
        "tuple",
        [
          "string",
          "string"
        ]
      ]
    }
  },
  "resources": [
    {
      "module": "module.k8s.module.k8s-control-plane",
      "mode": "managed",
      "type": "scaleway_instance_server",
      "name": "controlplane",
      "provider": "module.k8s.provider[\"registry.terraform.io/scaleway/scaleway\"]",
      "instances": [
        {
          "schema_version": 0,
          "attributes": {
            "additional_volume_ids": null,
            "boot_type": "local",
            "bootscript_id": "fdfe150f-a870-4ce4-b432-9f56b5b995c1",
            "cloud_init": null,
            "enable_dynamic_ip": false,
            "enable_ipv6": false,
            "id": "fr-par-1/ece4ea70-a480-4e28-a8ca-a741cf441bb2",
            "image": "ubuntu_jammy",
            "ip_id": "",
            "ipv6_address": "",
            "ipv6_gateway": "",
            "ipv6_prefix_length": 0,
            "name": "jeremy-tp-controlplane",
            "organization_id": "b2e3f40b-0701-44a0-ac1c-8dfa5b267c10",
            "placement_group_id": null,
            "placement_group_policy_respected": null,
            "private_ip": "10.71.44.61",
            "private_network": [
              {
                "mac_address": "02:00:00:12:08:cb",
                "pn_id": "fr-par-1/a5235d67-33f6-4307-828c-14a2636494c9",
                "status": "available",
                "zone": "fr-par-1"
              }
            ],
            "project_id": "2548c189-3774-46a1-8a18-e0ef516d5893",
            "public_ip": "",
            "root_volume": [
              {
                "boot": false,
                "delete_on_termination": true,
                "name": "Ubuntu 22.04 Jammy Jellyfish",
                "size_in_gb": 20,
                "volume_id": "fr-par-1/fdf8fa73-2949-4a14-a602-26097c098615",
                "volume_type": "l_ssd"
              }
            ],
            "security_group_id": "fr-par-1/c3df6436-28f1-4988-81ec-e72b0fc39d1e",
            "state": "started",
            "tags": null,
            "timeouts": null,
            "type": "DEV1-S",
            "user_data": {},
            "zone": "fr-par-1"
          },
          "sensitive_attributes": [],
          "private": "eyJlMmJmYjczMC1lY2FhLTExZTYtOGY4OC0zNDM2M2JjN2M0YzAiOnsiY3JlYXRlIjo2MDAwMDAwMDAwMDAsImRlZmF1bHQiOjYwMDAwMDAwMDAwMCwiZGVsZXRlIjo2MDAwMDAwMDAwMDAsInJlYWQiOjYwMDAwMDAwMDAwMCwidXBkYXRlIjo2MDAwMDAwMDAwMDB9fQ==",
          "dependencies": [
            "module.k8s.module.k8s-network.scaleway_vpc_private_network.main"
          ]
        }
      ]
    },
    {
      "module": "module.k8s.module.k8s-network",
      "mode": "managed",
      "type": "scaleway_vpc_gateway_network",
      "name": "main",
      "provider": "module.k8s.provider[\"registry.terraform.io/scaleway/scaleway\"]",
      "instances": [
        {
          "schema_version": 0,
          "attributes": {
            "cleanup_dhcp": false,
            "created_at": "2023-02-02T09:25:57Z",
            "dhcp_id": "fr-par-1/36a8bd53-7d64-44a9-8e13-fe8a0e5ba019",
            "enable_dhcp": true,
            "enable_masquerade": true,
            "gateway_id": "fr-par-1/959b5b01-e66b-4c14-bd1c-f8d226dacbf9",
            "id": "fr-par-1/1df7654a-4963-477c-8cb5-ace967a0b1a2",
            "mac_address": "02:00:00:12:08:ca",
            "private_network_id": "fr-par-1/a5235d67-33f6-4307-828c-14a2636494c9",
            "static_address": null,
            "timeouts": null,
            "updated_at": "2023-02-02T09:26:03Z",
            "zone": "fr-par-1"
          },
          "sensitive_attributes": [],
          "private": "eyJlMmJmYjczMC1lY2FhLTExZTYtOGY4OC0zNDM2M2JjN2M0YzAiOnsiY3JlYXRlIjo2MDAwMDAwMDAwMDAsImRlZmF1bHQiOjYwMDAwMDAwMDAwMCwiZGVsZXRlIjo2MDAwMDAwMDAwMDAsInJlYWQiOjYwMDAwMDAwMDAwMCwidXBkYXRlIjo2MDAwMDAwMDAwMDB9fQ==",
          "dependencies": [
            "module.k8s.module.k8s-network.scaleway_vpc_private_network.main",
            "module.k8s.module.k8s-network.scaleway_vpc_public_gateway.main",
            "module.k8s.module.k8s-network.scaleway_vpc_public_gateway_dhcp.main",
            "module.k8s.module.k8s-network.scaleway_vpc_public_gateway_ip.main"
          ]
        }
      ]
    },
    {
      "module": "module.k8s.module.k8s-network",
      "mode": "managed",
      "type": "scaleway_vpc_private_network",
      "name": "main",
      "provider": "module.k8s.provider[\"registry.terraform.io/scaleway/scaleway\"]",
      "instances": [
        {
          "schema_version": 0,
          "attributes": {
            "created_at": "2023-02-02T09:25:51Z",
            "id": "fr-par-1/a5235d67-33f6-4307-828c-14a2636494c9",
            "name": "jeremy-tp-network",
            "organization_id": "b2e3f40b-0701-44a0-ac1c-8dfa5b267c10",
            "project_id": "2548c189-3774-46a1-8a18-e0ef516d5893",
            "tags": null,
            "updated_at": "2023-02-02T09:25:51Z",
            "zone": "fr-par-1"
          },
          "sensitive_attributes": [],
          "private": "bnVsbA=="
        }
      ]
    },
    {
      "module": "module.k8s.module.k8s-network",
      "mode": "managed",
      "type": "scaleway_vpc_public_gateway",
      "name": "main",
      "provider": "module.k8s.provider[\"registry.terraform.io/scaleway/scaleway\"]",
      "instances": [
        {
          "schema_version": 0,
          "attributes": {
            "bastion_enabled": true,
            "bastion_port": 61000,
            "created_at": "2023-02-02T09:25:52Z",
            "enable_smtp": false,
            "id": "fr-par-1/959b5b01-e66b-4c14-bd1c-f8d226dacbf9",
            "ip_id": "fr-par-1/fc8730cc-8f6f-4930-abf5-cd41d629c7ec",
            "name": "tf-pn-determined-engelbart",
            "organization_id": "b2e3f40b-0701-44a0-ac1c-8dfa5b267c10",
            "project_id": "2548c189-3774-46a1-8a18-e0ef516d5893",
            "tags": null,
            "timeouts": null,
            "type": "VPC-GW-S",
            "updated_at": "2023-02-02T09:25:53Z",
            "upstream_dns_servers": null,
            "zone": "fr-par-1"
          },
          "sensitive_attributes": [],
          "private": "eyJlMmJmYjczMC1lY2FhLTExZTYtOGY4OC0zNDM2M2JjN2M0YzAiOnsiY3JlYXRlIjo2MDAwMDAwMDAwMDAsImRlZmF1bHQiOjYwMDAwMDAwMDAwMCwiZGVsZXRlIjo2MDAwMDAwMDAwMDAsInJlYWQiOjYwMDAwMDAwMDAwMCwidXBkYXRlIjo2MDAwMDAwMDAwMDB9fQ==",
          "dependencies": [
            "module.k8s.module.k8s-network.scaleway_vpc_public_gateway_ip.main"
          ]
        }
      ]
    },
    {
      "module": "module.k8s.module.k8s-network",
      "mode": "managed",
      "type": "scaleway_vpc_public_gateway_dhcp",
      "name": "main",
      "provider": "module.k8s.provider[\"registry.terraform.io/scaleway/scaleway\"]",
      "instances": [
        {
          "schema_version": 0,
          "attributes": {
            "address": "192.168.1.1",
            "created_at": "2023-02-02T09:25:51Z",
            "dns_local_name": "priv",
            "dns_search": [],
            "dns_servers_override": [],
            "enable_dynamic": true,
            "id": "fr-par-1/36a8bd53-7d64-44a9-8e13-fe8a0e5ba019",
            "organization_id": "b2e3f40b-0701-44a0-ac1c-8dfa5b267c10",
            "pool_high": "192.168.1.254",
            "pool_low": "192.168.1.2",
            "project_id": "2548c189-3774-46a1-8a18-e0ef516d5893",
            "push_default_route": true,
            "push_dns_server": true,
            "rebind_timer": 3060,
            "renew_timer": 3000,
            "subnet": "192.168.1.0/24",
            "updated_at": "2023-02-02T09:25:51Z",
            "valid_lifetime": 3600,
            "zone": "fr-par-1"
          },
          "sensitive_attributes": [],
          "private": "bnVsbA=="
        }
      ]
    },
    {
      "module": "module.k8s.module.k8s-network",
      "mode": "managed",
      "type": "scaleway_vpc_public_gateway_ip",
      "name": "main",
      "provider": "module.k8s.provider[\"registry.terraform.io/scaleway/scaleway\"]",
      "instances": [
        {
          "schema_version": 0,
          "attributes": {
            "address": "163.172.134.25",
            "created_at": "2023-02-02T09:25:51Z",
            "id": "fr-par-1/fc8730cc-8f6f-4930-abf5-cd41d629c7ec",
            "organization_id": "b2e3f40b-0701-44a0-ac1c-8dfa5b267c10",
            "project_id": "2548c189-3774-46a1-8a18-e0ef516d5893",
            "reverse": "25-134-172-163.instances.scw.cloud",
            "tags": null,
            "updated_at": "2023-02-02T09:25:51Z",
            "zone": "fr-par-1"
          },
          "sensitive_attributes": [],
          "private": "bnVsbA=="
        }
      ]
    },
    {
      "module": "module.k8s.module.k8s-node",
      "mode": "managed",
      "type": "scaleway_instance_server",
      "name": "node",
      "provider": "module.k8s.provider[\"registry.terraform.io/scaleway/scaleway\"]",
      "instances": [
        {
          "index_key": 0,
          "schema_version": 0,
          "attributes": {
            "additional_volume_ids": null,
            "boot_type": "local",
            "bootscript_id": "fdfe150f-a870-4ce4-b432-9f56b5b995c1",
            "cloud_init": null,
            "enable_dynamic_ip": false,
            "enable_ipv6": false,
            "id": "fr-par-1/e068540f-9aca-43e9-83f5-a1882e91f50b",
            "image": "ubuntu_jammy",
            "ip_id": "",
            "ipv6_address": "",
            "ipv6_gateway": "",
            "ipv6_prefix_length": 0,
            "name": "jeremy-tp-node-1",
            "organization_id": "b2e3f40b-0701-44a0-ac1c-8dfa5b267c10",
            "placement_group_id": null,
            "placement_group_policy_respected": null,
            "private_ip": "10.74.116.55",
            "private_network": [
              {
                "mac_address": "02:00:00:12:08:cc",
                "pn_id": "fr-par-1/a5235d67-33f6-4307-828c-14a2636494c9",
                "status": "available",
                "zone": "fr-par-1"
              }
            ],
            "project_id": "2548c189-3774-46a1-8a18-e0ef516d5893",
            "public_ip": "",
            "root_volume": [
              {
                "boot": false,
                "delete_on_termination": true,
                "name": "Ubuntu 22.04 Jammy Jellyfish",
                "size_in_gb": 20,
                "volume_id": "fr-par-1/d18759e3-89d2-4edf-8324-29834281d8e0",
                "volume_type": "l_ssd"
              }
            ],
            "security_group_id": "fr-par-1/c3df6436-28f1-4988-81ec-e72b0fc39d1e",
            "state": "started",
            "tags": null,
            "timeouts": null,
            "type": "DEV1-S",
            "user_data": {},
            "zone": "fr-par-1"
          },
          "sensitive_attributes": [],
          "private": "eyJlMmJmYjczMC1lY2FhLTExZTYtOGY4OC0zNDM2M2JjN2M0YzAiOnsiY3JlYXRlIjo2MDAwMDAwMDAwMDAsImRlZmF1bHQiOjYwMDAwMDAwMDAwMCwiZGVsZXRlIjo2MDAwMDAwMDAwMDAsInJlYWQiOjYwMDAwMDAwMDAwMCwidXBkYXRlIjo2MDAwMDAwMDAwMDB9fQ==",
          "dependencies": [
            "module.k8s.module.k8s-network.scaleway_vpc_private_network.main"
          ]
        },
        {
          "index_key": 1,
          "schema_version": 0,
          "attributes": {
            "additional_volume_ids": null,
            "boot_type": "local",
            "bootscript_id": "fdfe150f-a870-4ce4-b432-9f56b5b995c1",
            "cloud_init": null,
            "enable_dynamic_ip": false,
            "enable_ipv6": false,
            "id": "fr-par-1/37d9ee29-84b1-40f8-80d8-e8fa02629e90",
            "image": "ubuntu_jammy",
            "ip_id": "",
            "ipv6_address": "",
            "ipv6_gateway": "",
            "ipv6_prefix_length": 0,
            "name": "jeremy-tp-node-2",
            "organization_id": "b2e3f40b-0701-44a0-ac1c-8dfa5b267c10",
            "placement_group_id": null,
            "placement_group_policy_respected": null,
            "private_ip": "10.69.30.29",
            "private_network": [
              {
                "mac_address": "02:00:00:12:08:cd",
                "pn_id": "fr-par-1/a5235d67-33f6-4307-828c-14a2636494c9",
                "status": "available",
                "zone": "fr-par-1"
              }
            ],
            "project_id": "2548c189-3774-46a1-8a18-e0ef516d5893",
            "public_ip": "",
            "root_volume": [
              {
                "boot": false,
                "delete_on_termination": true,
                "name": "Ubuntu 22.04 Jammy Jellyfish",
                "size_in_gb": 20,
                "volume_id": "fr-par-1/8c96b1bb-8723-46da-b9ac-e7c31e47cf1e",
                "volume_type": "l_ssd"
              }
            ],
            "security_group_id": "fr-par-1/c3df6436-28f1-4988-81ec-e72b0fc39d1e",
            "state": "started",
            "tags": null,
            "timeouts": null,
            "type": "DEV1-S",
            "user_data": {},
            "zone": "fr-par-1"
          },
          "sensitive_attributes": [],
          "private": "eyJlMmJmYjczMC1lY2FhLTExZTYtOGY4OC0zNDM2M2JjN2M0YzAiOnsiY3JlYXRlIjo2MDAwMDAwMDAwMDAsImRlZmF1bHQiOjYwMDAwMDAwMDAwMCwiZGVsZXRlIjo2MDAwMDAwMDAwMDAsInJlYWQiOjYwMDAwMDAwMDAwMCwidXBkYXRlIjo2MDAwMDAwMDAwMDB9fQ==",
          "dependencies": [
            "module.k8s.module.k8s-network.scaleway_vpc_private_network.main"
          ]
        }
      ]
    }
  ],
  "check_results": null
}
