{
  "version": 4,
  "terraform_version": "1.3.4",
  "serial": 54,
  "lineage": "05f7f6da-c601-fc7b-de69-68c4f1919dd5",
  "outputs": {
    "control_plane_ip": {
      "value": "10.70.14.23",
      "type": "string"
    },
    "public_gateway_ip": {
      "value": "51.15.245.10",
      "type": "string"
    },
    "worker_ips": {
      "value": [
        "10.70.12.117",
        "10.74.8.41"
      ],
      "type": [
        "tuple",
        [
          "string",
          "string"
        ]
      ]
    }
  },
  "resources": [
    {
      "module": "module.k8s.module.k8s-control-plane",
      "mode": "managed",
      "type": "scaleway_instance_server",
      "name": "controlplane",
      "provider": "module.k8s.provider[\"registry.terraform.io/scaleway/scaleway\"]",
      "instances": [
        {
          "schema_version": 0,
          "attributes": {
            "additional_volume_ids": null,
            "boot_type": "local",
            "bootscript_id": "fdfe150f-a870-4ce4-b432-9f56b5b995c1",
            "cloud_init": null,
            "enable_dynamic_ip": false,
            "enable_ipv6": false,
            "id": "fr-par-1/c792086f-b586-4011-8335-e4e93c985c72",
            "image": "ubuntu_jammy",
            "ip_id": "",
            "ipv6_address": "",
            "ipv6_gateway": "",
            "ipv6_prefix_length": 0,
            "name": "jeremy-tp\n-controlplane",
            "organization_id": "b2e3f40b-0701-44a0-ac1c-8dfa5b267c10",
            "placement_group_id": null,
            "placement_group_policy_respected": null,
            "private_ip": "10.70.14.23",
            "private_network": [
              {
                "mac_address": "02:00:00:12:0f:3c",
                "pn_id": "fr-par-1/6007c8ff-8fa5-4d35-8123-a53046e541fa",
                "status": "available",
                "zone": "fr-par-1"
              }
            ],
            "project_id": "2548c189-3774-46a1-8a18-e0ef516d5893",
            "public_ip": "",
            "root_volume": [
              {
                "boot": false,
                "delete_on_termination": true,
                "name": "Ubuntu 22.04 Jammy Jellyfish",
                "size_in_gb": 20,
                "volume_id": "fr-par-1/951229ee-42dc-4edc-a4e0-25ba2c2229d8",
                "volume_type": "l_ssd"
              }
            ],
            "security_group_id": "fr-par-1/c3df6436-28f1-4988-81ec-e72b0fc39d1e",
            "state": "started",
            "tags": null,
            "timeouts": null,
            "type": "DEV1-S",
            "user_data": {},
            "zone": "fr-par-1"
          },
          "sensitive_attributes": [],
          "private": "eyJlMmJmYjczMC1lY2FhLTExZTYtOGY4OC0zNDM2M2JjN2M0YzAiOnsiY3JlYXRlIjo2MDAwMDAwMDAwMDAsImRlZmF1bHQiOjYwMDAwMDAwMDAwMCwiZGVsZXRlIjo2MDAwMDAwMDAwMDAsInJlYWQiOjYwMDAwMDAwMDAwMCwidXBkYXRlIjo2MDAwMDAwMDAwMDB9fQ==",
          "dependencies": [
            "module.k8s.module.k8s-network.scaleway_vpc_private_network.main"
          ]
        }
      ]
    },
    {
      "module": "module.k8s.module.k8s-network",
      "mode": "managed",
      "type": "scaleway_vpc_gateway_network",
      "name": "main",
      "provider": "module.k8s.provider[\"registry.terraform.io/scaleway/scaleway\"]",
      "instances": [
        {
          "schema_version": 0,
          "attributes": {
            "cleanup_dhcp": false,
            "created_at": "2023-02-06T12:07:10Z",
            "dhcp_id": "fr-par-1/be7aaff1-be1d-4dc5-905d-d3c906626d15",
            "enable_dhcp": true,
            "enable_masquerade": true,
            "gateway_id": "fr-par-1/0e5346b1-10bc-4726-8bb2-acaad45bd409",
            "id": "fr-par-1/f409e736-407c-4bb5-8532-06fe6f9b0864",
            "mac_address": "02:00:00:12:0f:3a",
            "private_network_id": "fr-par-1/6007c8ff-8fa5-4d35-8123-a53046e541fa",
            "static_address": null,
            "timeouts": null,
            "updated_at": "2023-02-06T12:07:17Z",
            "zone": "fr-par-1"
          },
          "sensitive_attributes": [],
          "private": "eyJlMmJmYjczMC1lY2FhLTExZTYtOGY4OC0zNDM2M2JjN2M0YzAiOnsiY3JlYXRlIjo2MDAwMDAwMDAwMDAsImRlZmF1bHQiOjYwMDAwMDAwMDAwMCwiZGVsZXRlIjo2MDAwMDAwMDAwMDAsInJlYWQiOjYwMDAwMDAwMDAwMCwidXBkYXRlIjo2MDAwMDAwMDAwMDB9fQ==",
          "dependencies": [
            "module.k8s.module.k8s-network.scaleway_vpc_private_network.main",
            "module.k8s.module.k8s-network.scaleway_vpc_public_gateway.main",
            "module.k8s.module.k8s-network.scaleway_vpc_public_gateway_dhcp.main",
            "module.k8s.module.k8s-network.scaleway_vpc_public_gateway_ip.main"
          ]
        }
      ]
    },
    {
      "module": "module.k8s.module.k8s-network",
      "mode": "managed",
      "type": "scaleway_vpc_private_network",
      "name": "main",
      "provider": "module.k8s.provider[\"registry.terraform.io/scaleway/scaleway\"]",
      "instances": [
        {
          "schema_version": 0,
          "attributes": {
            "created_at": "2023-02-06T12:07:04Z",
            "id": "fr-par-1/6007c8ff-8fa5-4d35-8123-a53046e541fa",
            "name": "jeremy-tp\n-network",
            "organization_id": "b2e3f40b-0701-44a0-ac1c-8dfa5b267c10",
            "project_id": "2548c189-3774-46a1-8a18-e0ef516d5893",
            "tags": null,
            "updated_at": "2023-02-06T12:07:04Z",
            "zone": "fr-par-1"
          },
          "sensitive_attributes": [],
          "private": "bnVsbA=="
        }
      ]
    },
    {
      "module": "module.k8s.module.k8s-network",
      "mode": "managed",
      "type": "scaleway_vpc_public_gateway",
      "name": "main",
      "provider": "module.k8s.provider[\"registry.terraform.io/scaleway/scaleway\"]",
      "instances": [
        {
          "schema_version": 0,
          "attributes": {
            "bastion_enabled": true,
            "bastion_port": 61000,
            "created_at": "2023-02-06T12:07:05Z",
            "enable_smtp": false,
            "id": "fr-par-1/0e5346b1-10bc-4726-8bb2-acaad45bd409",
            "ip_id": "fr-par-1/1d4c0ad2-e53e-4ce0-8c09-82270526faea",
            "name": "tf-pn-wonderful-lewin",
            "organization_id": "b2e3f40b-0701-44a0-ac1c-8dfa5b267c10",
            "project_id": "2548c189-3774-46a1-8a18-e0ef516d5893",
            "tags": null,
            "timeouts": null,
            "type": "VPC-GW-S",
            "updated_at": "2023-02-06T12:07:06Z",
            "upstream_dns_servers": null,
            "zone": "fr-par-1"
          },
          "sensitive_attributes": [],
          "private": "eyJlMmJmYjczMC1lY2FhLTExZTYtOGY4OC0zNDM2M2JjN2M0YzAiOnsiY3JlYXRlIjo2MDAwMDAwMDAwMDAsImRlZmF1bHQiOjYwMDAwMDAwMDAwMCwiZGVsZXRlIjo2MDAwMDAwMDAwMDAsInJlYWQiOjYwMDAwMDAwMDAwMCwidXBkYXRlIjo2MDAwMDAwMDAwMDB9fQ==",
          "dependencies": [
            "module.k8s.module.k8s-network.scaleway_vpc_public_gateway_ip.main"
          ]
        }
      ]
    },
    {
      "module": "module.k8s.module.k8s-network",
      "mode": "managed",
      "type": "scaleway_vpc_public_gateway_dhcp",
      "name": "main",
      "provider": "module.k8s.provider[\"registry.terraform.io/scaleway/scaleway\"]",
      "instances": [
        {
          "schema_version": 0,
          "attributes": {
            "address": "192.168.1.1",
            "created_at": "2023-02-06T12:07:04Z",
            "dns_local_name": "priv",
            "dns_search": [],
            "dns_servers_override": [],
            "enable_dynamic": true,
            "id": "fr-par-1/be7aaff1-be1d-4dc5-905d-d3c906626d15",
            "organization_id": "b2e3f40b-0701-44a0-ac1c-8dfa5b267c10",
            "pool_high": "192.168.1.254",
            "pool_low": "192.168.1.2",
            "project_id": "2548c189-3774-46a1-8a18-e0ef516d5893",
            "push_default_route": true,
            "push_dns_server": true,
            "rebind_timer": 3060,
            "renew_timer": 3000,
            "subnet": "192.168.1.0/24",
            "updated_at": "2023-02-06T12:07:04Z",
            "valid_lifetime": 3600,
            "zone": "fr-par-1"
          },
          "sensitive_attributes": [],
          "private": "bnVsbA=="
        }
      ]
    },
    {
      "module": "module.k8s.module.k8s-network",
      "mode": "managed",
      "type": "scaleway_vpc_public_gateway_ip",
      "name": "main",
      "provider": "module.k8s.provider[\"registry.terraform.io/scaleway/scaleway\"]",
      "instances": [
        {
          "schema_version": 0,
          "attributes": {
            "address": "51.15.245.10",
            "created_at": "2023-02-06T12:07:05Z",
            "id": "fr-par-1/1d4c0ad2-e53e-4ce0-8c09-82270526faea",
            "organization_id": "b2e3f40b-0701-44a0-ac1c-8dfa5b267c10",
            "project_id": "2548c189-3774-46a1-8a18-e0ef516d5893",
            "reverse": "10-245-15-51.instances.scw.cloud",
            "tags": null,
            "updated_at": "2023-02-06T12:07:05Z",
            "zone": "fr-par-1"
          },
          "sensitive_attributes": [],
          "private": "bnVsbA=="
        }
      ]
    },
    {
      "module": "module.k8s.module.k8s-node",
      "mode": "managed",
      "type": "scaleway_instance_server",
      "name": "node",
      "provider": "module.k8s.provider[\"registry.terraform.io/scaleway/scaleway\"]",
      "instances": [
        {
          "index_key": 0,
          "schema_version": 0,
          "attributes": {
            "additional_volume_ids": null,
            "boot_type": "local",
            "bootscript_id": "fdfe150f-a870-4ce4-b432-9f56b5b995c1",
            "cloud_init": null,
            "enable_dynamic_ip": false,
            "enable_ipv6": false,
            "id": "fr-par-1/9d226434-907c-458d-af60-4c7bf242309f",
            "image": "ubuntu_jammy",
            "ip_id": "",
            "ipv6_address": "",
            "ipv6_gateway": "",
            "ipv6_prefix_length": 0,
            "name": "jeremy-tp\n-node-1",
            "organization_id": "b2e3f40b-0701-44a0-ac1c-8dfa5b267c10",
            "placement_group_id": null,
            "placement_group_policy_respected": null,
            "private_ip": "10.70.12.117",
            "private_network": [
              {
                "mac_address": "02:00:00:12:0f:3d",
                "pn_id": "fr-par-1/6007c8ff-8fa5-4d35-8123-a53046e541fa",
                "status": "available",
                "zone": "fr-par-1"
              }
            ],
            "project_id": "2548c189-3774-46a1-8a18-e0ef516d5893",
            "public_ip": "",
            "root_volume": [
              {
                "boot": false,
                "delete_on_termination": true,
                "name": "Ubuntu 22.04 Jammy Jellyfish",
                "size_in_gb": 20,
                "volume_id": "fr-par-1/63729032-99de-4dcc-b43f-a1adc7c9ef83",
                "volume_type": "l_ssd"
              }
            ],
            "security_group_id": "fr-par-1/c3df6436-28f1-4988-81ec-e72b0fc39d1e",
            "state": "started",
            "tags": null,
            "timeouts": null,
            "type": "DEV1-S",
            "user_data": {},
            "zone": "fr-par-1"
          },
          "sensitive_attributes": [],
          "private": "eyJlMmJmYjczMC1lY2FhLTExZTYtOGY4OC0zNDM2M2JjN2M0YzAiOnsiY3JlYXRlIjo2MDAwMDAwMDAwMDAsImRlZmF1bHQiOjYwMDAwMDAwMDAwMCwiZGVsZXRlIjo2MDAwMDAwMDAwMDAsInJlYWQiOjYwMDAwMDAwMDAwMCwidXBkYXRlIjo2MDAwMDAwMDAwMDB9fQ==",
          "dependencies": [
            "module.k8s.module.k8s-network.scaleway_vpc_private_network.main"
          ]
        },
        {
          "index_key": 1,
          "schema_version": 0,
          "attributes": {
            "additional_volume_ids": null,
            "boot_type": "local",
            "bootscript_id": "fdfe150f-a870-4ce4-b432-9f56b5b995c1",
            "cloud_init": null,
            "enable_dynamic_ip": false,
            "enable_ipv6": false,
            "id": "fr-par-1/55b9f257-c310-4476-8ed3-4e798b6e3b09",
            "image": "ubuntu_jammy",
            "ip_id": "",
            "ipv6_address": "",
            "ipv6_gateway": "",
            "ipv6_prefix_length": 0,
            "name": "jeremy-tp\n-node-2",
            "organization_id": "b2e3f40b-0701-44a0-ac1c-8dfa5b267c10",
            "placement_group_id": null,
            "placement_group_policy_respected": null,
            "private_ip": "10.74.8.41",
            "private_network": [
              {
                "mac_address": "02:00:00:12:0f:3b",
                "pn_id": "fr-par-1/6007c8ff-8fa5-4d35-8123-a53046e541fa",
                "status": "available",
                "zone": "fr-par-1"
              }
            ],
            "project_id": "2548c189-3774-46a1-8a18-e0ef516d5893",
            "public_ip": "",
            "root_volume": [
              {
                "boot": false,
                "delete_on_termination": true,
                "name": "Ubuntu 22.04 Jammy Jellyfish",
                "size_in_gb": 20,
                "volume_id": "fr-par-1/2ebf78a5-e4f0-468b-b92c-b01d33a6412f",
                "volume_type": "l_ssd"
              }
            ],
            "security_group_id": "fr-par-1/c3df6436-28f1-4988-81ec-e72b0fc39d1e",
            "state": "started",
            "tags": null,
            "timeouts": null,
            "type": "DEV1-S",
            "user_data": {},
            "zone": "fr-par-1"
          },
          "sensitive_attributes": [],
          "private": "eyJlMmJmYjczMC1lY2FhLTExZTYtOGY4OC0zNDM2M2JjN2M0YzAiOnsiY3JlYXRlIjo2MDAwMDAwMDAwMDAsImRlZmF1bHQiOjYwMDAwMDAwMDAwMCwiZGVsZXRlIjo2MDAwMDAwMDAwMDAsInJlYWQiOjYwMDAwMDAwMDAwMCwidXBkYXRlIjo2MDAwMDAwMDAwMDB9fQ==",
          "dependencies": [
            "module.k8s.module.k8s-network.scaleway_vpc_private_network.main"
          ]
        }
      ]
    }
  ],
  "check_results": null
}
